{
  "name": "teseract-domqueryjs",
  "version": "1.0.1",
  "lockfileVersion": 3,
  "requires": true,
  "packages": {
    "": {
      "name": "teseract-domqueryjs",
      "version": "1.0.1",
      "license": "MIT",
      "dependencies": {
        "teseract-reactivejs": "^1.0.0"
      }
    },
    "node_modules/teseract-reactivejs": {
      "version": "1.0.0",
      "resolved": "https://registry.npmjs.org/teseract-reactivejs/-/teseract-reactivejs-1.0.0.tgz",
      "integrity": "sha512-zN2SgSDtVYd6laCD5aai+fSwb52kIwA0FiDS05OfxhCtdxv34kFlf+41u1pcLPXXugEQ5RxEhwhCVsp5DFSjuw=="
    }
  }
}
