{
  "name": "teseract-domqueryjs",
  "version": "1.0.2",
  "lockfileVersion": 3,
  "requires": true,
  "packages": {
    "": {
      "name": "teseract-domqueryjs",
      "version": "1.0.2",
      "license": "MIT",
      "dependencies": {
        "teseract-domqueryjs": "file:"
      },
      "devDependencies": {
        "teseract-reactivejs": "^1.0.2"
      }
    },
    "node_modules/teseract-domqueryjs": {
      "resolved": "",
      "link": true
    },
    "node_modules/teseract-reactivejs": {
      "version": "1.0.2",
      "resolved": "https://registry.npmjs.org/teseract-reactivejs/-/teseract-reactivejs-1.0.2.tgz",
      "integrity": "sha512-lkuHigpXQFaQynvFzZ39gn+G7F2qTHFVodNnpkeMMQhiK0AMpQ9SWfkPCs3KeFiA9jrt2hUqjNL6kHz5NRk+9A==",
      "dev": true,
      "dependencies": {
        "teseract-reactivejs": "file:"
      }
    },
    "node_modules/teseract-reactivejs/node_modules/teseract-reactivejs": {
      "resolved": "node_modules/teseract-reactivejs",
      "link": true
    }
  }
}
